
Microsoft Visual Studio Solution File, Format Version 12.00
# Visual Studio 2015
Project("{FAE04EC0-301F-11D3-BF4B-00C04F79EFBC}") = "NEMiniGame", "NEMiniGame.csproj", "{4BFF7B9C-4850-5FB5-CA20-51299C8B662C}"
EndProject
Project("{FAE04EC0-301F-11D3-BF4B-00C04F79EFBC}") = "NEMiniGame", "NEMiniGame.csproj", "{4BFF7B9C-4850-5FB5-CA20-51299C8B662C}"
EndProject
Project("{FAE04EC0-301F-11D3-BF4B-00C04F79EFBC}") = "NEMiniGame", "NEMiniGame.csproj", "{4BFF7B9C-4850-5FB5-CA20-51299C8B662C}"
EndProject
Project("{FAE04EC0-301F-11D3-BF4B-00C04F79EFBC}") = "NEMiniGame.Editor", "NEMiniGame.Editor.csproj", "{86A9E753-7D00-2879-4233-2B4934B2AFAD}"
EndProject
Project("{FAE04EC0-301F-11D3-BF4B-00C04F79EFBC}") = "NEMiniGame.Editor", "NEMiniGame.Editor.csproj", "{86A9E753-7D00-2879-4233-2B4934B2AFAD}"
EndProject
Project("{FAE04EC0-301F-11D3-BF4B-00C04F79EFBC}") = "NEMiniGame.Editor", "NEMiniGame.Editor.csproj", "{86A9E753-7D00-2879-4233-2B4934B2AFAD}"
EndProject
Global
	GlobalSection(SolutionConfigurationPlatforms) = preSolution
		Debug|Any CPU = Debug|Any CPU
		Release|Any CPU = Release|Any CPU
	EndGlobalSection
	GlobalSection(ProjectConfigurationPlatforms) = postSolution
		{4BFF7B9C-4850-5FB5-CA20-51299C8B662C}.Debug|Any CPU.ActiveCfg = Debug|Any CPU
		{4BFF7B9C-4850-5FB5-CA20-51299C8B662C}.Debug|Any CPU.Build.0 = Debug|Any CPU
		{4BFF7B9C-4850-5FB5-CA20-51299C8B662C}.Release|Any CPU.ActiveCfg = Release|Any CPU
		{4BFF7B9C-4850-5FB5-CA20-51299C8B662C}.Release|Any CPU.Build.0 = Release|Any CPU
		{4BFF7B9C-4850-5FB5-CA20-51299C8B662C}.Debug|Any CPU.ActiveCfg = Debug|Any CPU
		{4BFF7B9C-4850-5FB5-CA20-51299C8B662C}.Debug|Any CPU.Build.0 = Debug|Any CPU
		{4BFF7B9C-4850-5FB5-CA20-51299C8B662C}.Release|Any CPU.ActiveCfg = Release|Any CPU
		{4BFF7B9C-4850-5FB5-CA20-51299C8B662C}.Release|Any CPU.Build.0 = Release|Any CPU
		{4BFF7B9C-4850-5FB5-CA20-51299C8B662C}.Debug|Any CPU.ActiveCfg = Debug|Any CPU
		{4BFF7B9C-4850-5FB5-CA20-51299C8B662C}.Debug|Any CPU.Build.0 = Debug|Any CPU
		{4BFF7B9C-4850-5FB5-CA20-51299C8B662C}.Release|Any CPU.ActiveCfg = Release|Any CPU
		{4BFF7B9C-4850-5FB5-CA20-51299C8B662C}.Release|Any CPU.Build.0 = Release|Any CPU
		{86A9E753-7D00-2879-4233-2B4934B2AFAD}.Debug|Any CPU.ActiveCfg = Debug|Any CPU
		{86A9E753-7D00-2879-4233-2B4934B2AFAD}.Debug|Any CPU.Build.0 = Debug|Any CPU
		{86A9E753-7D00-2879-4233-2B4934B2AFAD}.Release|Any CPU.ActiveCfg = Release|Any CPU
		{86A9E753-7D00-2879-4233-2B4934B2AFAD}.Release|Any CPU.Build.0 = Release|Any CPU
		{86A9E753-7D00-2879-4233-2B4934B2AFAD}.Debug|Any CPU.ActiveCfg = Debug|Any CPU
		{86A9E753-7D00-2879-4233-2B4934B2AFAD}.Debug|Any CPU.Build.0 = Debug|Any CPU
		{86A9E753-7D00-2879-4233-2B4934B2AFAD}.Release|Any CPU.ActiveCfg = Release|Any CPU
		{86A9E753-7D00-2879-4233-2B4934B2AFAD}.Release|Any CPU.Build.0 = Release|Any CPU
		{86A9E753-7D00-2879-4233-2B4934B2AFAD}.Debug|Any CPU.ActiveCfg = Debug|Any CPU
		{86A9E753-7D00-2879-4233-2B4934B2AFAD}.Debug|Any CPU.Build.0 = Debug|Any CPU
		{86A9E753-7D00-2879-4233-2B4934B2AFAD}.Release|Any CPU.ActiveCfg = Release|Any CPU
		{86A9E753-7D00-2879-4233-2B4934B2AFAD}.Release|Any CPU.Build.0 = Release|Any CPU
	EndGlobalSection
	GlobalSection(SolutionProperties) = preSolution
		HideSolutionNode = FALSE
	EndGlobalSection
EndGlobal
